// !$*UTF8*$!
{
	archiveVersion = 1;
	classes = {
	};
	objectVersion = 56;
	objects = {

/* Begin PBXBuildFile section */
		9FD66B282A643A5600B7D417 /* Bulletin_Proto_1App.swift in Sources */ = {isa = PBXBuildFile; fileRef = 9FD66B272A643A5600B7D417 /* Bulletin_Proto_1App.swift */; };
		9FD66B2A2A643A5600B7D417 /* ContentView.swift in Sources */ = {isa = PBXBuildFile; fileRef = 9FD66B292A643A5600B7D417 /* ContentView.swift */; };
		9FD66B2C2A643A5900B7D417 /* Assets.xcassets in Resources */ = {isa = PBXBuildFile; fileRef = 9FD66B2B2A643A5900B7D417 /* Assets.xcassets */; };
		9FD66B2F2A643A5900B7D417 /* Preview Assets.xcassets in Resources */ = {isa = PBXBuildFile; fileRef = 9FD66B2E2A643A5900B7D417 /* Preview Assets.xcassets */; };
		9FD66B312A643A5900B7D417 /* Item.swift in Sources */ = {isa = PBXBuildFile; fileRef = 9FD66B302A643A5900B7D417 /* Item.swift */; };
		9FD66B3B2A643A5900B7D417 /* Bulletin_Proto_1Tests.swift in Sources */ = {isa = PBXBuildFile; fileRef = 9FD66B3A2A643A5900B7D417 /* Bulletin_Proto_1Tests.swift */; };
		9FD66B452A643A5900B7D417 /* Bulletin_Proto_1UITests.swift in Sources */ = {isa = PBXBuildFile; fileRef = 9FD66B442A643A5900B7D417 /* Bulletin_Proto_1UITests.swift */; };
		9FD66B472A643A5900B7D417 /* Bulletin_Proto_1UITestsLaunchTests.swift in Sources */ = {isa = PBXBuildFile; fileRef = 9FD66B462A643A5900B7D417 /* Bulletin_Proto_1UITestsLaunchTests.swift */; };
/* End PBXBuildFile section */

/* Begin PBXContainerItemProxy section */
		9FD66B372A643A5900B7D417 /* PBXContainerItemProxy */ = {
			isa = PBXContainerItemProxy;
			containerPortal = 9FD66B1C2A643A5600B7D417 /* Project object */;
			proxyType = 1;
			remoteGlobalIDString = 9FD66B232A643A5600B7D417;
			remoteInfo = "Bulletin Proto 1";
		};
		9FD66B412A643A5900B7D417 /* PBXContainerItemProxy */ = {
			isa = PBXContainerItemProxy;
			containerPortal = 9FD66B1C2A643A5600B7D417 /* Project object */;
			proxyType = 1;
			remoteGlobalIDString = 9FD66B232A643A5600B7D417;
			remoteInfo = "Bulletin Proto 1";
		};
/* End PBXContainerItemProxy section */

/* Begin PBXFileReference section */
		9FD66B242A643A5600B7D417 /* Bulletin Proto 1.app */ = {isa = PBXFileReference; explicitFileType = wrapper.application; includeInIndex = 0; path = "Bulletin Proto 1.app"; sourceTree = BUILT_PRODUCTS_DIR; };
		9FD66B272A643A5600B7D417 /* Bulletin_Proto_1App.swift */ = {isa = PBXFileReference; lastKnownFileType = sourcecode.swift; path = Bulletin_Proto_1App.swift; sourceTree = "<group>"; };
		9FD66B292A643A5600B7D417 /* ContentView.swift */ = {isa = PBXFileReference; lastKnownFileType = sourcecode.swift; path = ContentView.swift; sourceTree = "<group>"; };
		9FD66B2B2A643A5900B7D417 /* Assets.xcassets */ = {isa = PBXFileReference; lastKnownFileType = folder.assetcatalog; path = Assets.xcassets; sourceTree = "<group>"; };
		9FD66B2E2A643A5900B7D417 /* Preview Assets.xcassets */ = {isa = PBXFileReference; lastKnownFileType = folder.assetcatalog; path = "Preview Assets.xcassets"; sourceTree = "<group>"; };
		9FD66B302A643A5900B7D417 /* Item.swift */ = {isa = PBXFileReference; lastKnownFileType = sourcecode.swift; path = Item.swift; sourceTree = "<group>"; };
		9FD66B362A643A5900B7D417 /* Bulletin Proto 1Tests.xctest */ = {isa = PBXFileReference; explicitFileType = wrapper.cfbundle; includeInIndex = 0; path = "Bulletin Proto 1Tests.xctest"; sourceTree = BUILT_PRODUCTS_DIR; };
		9FD66B3A2A643A5900B7D417 /* Bulletin_Proto_1Tests.swift */ = {isa = PBXFileReference; lastKnownFileType = sourcecode.swift; path = Bulletin_Proto_1Tests.swift; sourceTree = "<group>"; };
		9FD66B402A643A5900B7D417 /* Bulletin Proto 1UITests.xctest */ = {isa = PBXFileReference; explicitFileType = wrapper.cfbundle; includeInIndex = 0; path = "Bulletin Proto 1UITests.xctest"; sourceTree = BUILT_PRODUCTS_DIR; };
		9FD66B442A643A5900B7D417 /* Bulletin_Proto_1UITests.swift */ = {isa = PBXFileReference; lastKnownFileType = sourcecode.swift; path = Bulletin_Proto_1UITests.swift; sourceTree = "<group>"; };
		9FD66B462A643A5900B7D417 /* Bulletin_Proto_1UITestsLaunchTests.swift */ = {isa = PBXFileReference; lastKnownFileType = sourcecode.swift; path = Bulletin_Proto_1UITestsLaunchTests.swift; sourceTree = "<group>"; };
/* End PBXFileReference section */

/* Begin PBXFrameworksBuildPhase section */
		9FD66B212A643A5600B7D417 /* Frameworks */ = {
			isa = PBXFrameworksBuildPhase;
			buildActionMask = 2147483647;
			files = (
			);
			runOnlyForDeploymentPostprocessing = 0;
		};
		9FD66B332A643A5900B7D417 /* Frameworks */ = {
			isa = PBXFrameworksBuildPhase;
			buildActionMask = 2147483647;
			files = (
			);
			runOnlyForDeploymentPostprocessing = 0;
		};
		9FD66B3D2A643A5900B7D417 /* Frameworks */ = {
			isa = PBXFrameworksBuildPhase;
			buildActionMask = 2147483647;
			files = (
			);
			runOnlyForDeploymentPostprocessing = 0;
		};
/* End PBXFrameworksBuildPhase section */

/* Begin PBXGroup section */
		9FD66B1B2A643A5600B7D417 = {
			isa = PBXGroup;
			children = (
				9FD66B262A643A5600B7D417 /* Bulletin Proto 1 */,
				9FD66B392A643A5900B7D417 /* Bulletin Proto 1Tests */,
				9FD66B432A643A5900B7D417 /* Bulletin Proto 1UITests */,
				9FD66B252A643A5600B7D417 /* Products */,
			);
			sourceTree = "<group>";
		};
		9FD66B252A643A5600B7D417 /* Products */ = {
			isa = PBXGroup;
			children = (
				9FD66B242A643A5600B7D417 /* Bulletin Proto 1.app */,
				9FD66B362A643A5900B7D417 /* Bulletin Proto 1Tests.xctest */,
				9FD66B402A643A5900B7D417 /* Bulletin Proto 1UITests.xctest */,
			);
			name = Products;
			sourceTree = "<group>";
		};
		9FD66B262A643A5600B7D417 /* Bulletin Proto 1 */ = {
			isa = PBXGroup;
			children = (
				9FD66B272A643A5600B7D417 /* Bulletin_Proto_1App.swift */,
				9FD66B292A643A5600B7D417 /* ContentView.swift */,
				9FD66B2B2A643A5900B7D417 /* Assets.xcassets */,
				9FD66B302A643A5900B7D417 /* Item.swift */,
				9FD66B2D2A643A5900B7D417 /* Preview Content */,
			);
			path = "Bulletin Proto 1";
			sourceTree = "<group>";
		};
		9FD66B2D2A643A5900B7D417 /* Preview Content */ = {
			isa = PBXGroup;
			children = (
				9FD66B2E2A643A5900B7D417 /* Preview Assets.xcassets */,
			);
			path = "Preview Content";
			sourceTree = "<group>";
		};
		9FD66B392A643A5900B7D417 /* Bulletin Proto 1Tests */ = {
			isa = PBXGroup;
			children = (
				9FD66B3A2A643A5900B7D417 /* Bulletin_Proto_1Tests.swift */,
			);
			path = "Bulletin Proto 1Tests";
			sourceTree = "<group>";
		};
		9FD66B432A643A5900B7D417 /* Bulletin Proto 1UITests */ = {
			isa = PBXGroup;
			children = (
				9FD66B442A643A5900B7D417 /* Bulletin_Proto_1UITests.swift */,
				9FD66B462A643A5900B7D417 /* Bulletin_Proto_1UITestsLaunchTests.swift */,
			);
			path = "Bulletin Proto 1UITests";
			sourceTree = "<group>";
		};
/* End PBXGroup section */

/* Begin PBXNativeTarget section */
		9FD66B232A643A5600B7D417 /* Bulletin Proto 1 */ = {
			isa = PBXNativeTarget;
			buildConfigurationList = 9FD66B4A2A643A5900B7D417 /* Build configuration list for PBXNativeTarget "Bulletin Proto 1" */;
			buildPhases = (
				9FD66B202A643A5600B7D417 /* Sources */,
				9FD66B212A643A5600B7D417 /* Frameworks */,
				9FD66B222A643A5600B7D417 /* Resources */,
			);
			buildRules = (
			);
			dependencies = (
			);
			name = "Bulletin Proto 1";
			productName = "Bulletin Proto 1";
			productReference = 9FD66B242A643A5600B7D417 /* Bulletin Proto 1.app */;
			productType = "com.apple.product-type.application";
		};
		9FD66B352A643A5900B7D417 /* Bulletin Proto 1Tests */ = {
			isa = PBXNativeTarget;
			buildConfigurationList = 9FD66B4D2A643A5900B7D417 /* Build configuration list for PBXNativeTarget "Bulletin Proto 1Tests" */;
			buildPhases = (
				9FD66B322A643A5900B7D417 /* Sources */,
				9FD66B332A643A5900B7D417 /* Frameworks */,
				9FD66B342A643A5900B7D417 /* Resources */,
			);
			buildRules = (
			);
			dependencies = (
				9FD66B382A643A5900B7D417 /* PBXTargetDependency */,
			);
			name = "Bulletin Proto 1Tests";
			productName = "Bulletin Proto 1Tests";
			productReference = 9FD66B362A643A5900B7D417 /* Bulletin Proto 1Tests.xctest */;
			productType = "com.apple.product-type.bundle.unit-test";
		};
		9FD66B3F2A643A5900B7D417 /* Bulletin Proto 1UITests */ = {
			isa = PBXNativeTarget;
			buildConfigurationList = 9FD66B502A643A5900B7D417 /* Build configuration list for PBXNativeTarget "Bulletin Proto 1UITests" */;
			buildPhases = (
				9FD66B3C2A643A5900B7D417 /* Sources */,
				9FD66B3D2A643A5900B7D417 /* Frameworks */,
				9FD66B3E2A643A5900B7D417 /* Resources */,
			);
			buildRules = (
			);
			dependencies = (
				9FD66B422A643A5900B7D417 /* PBXTargetDependency */,
			);
			name = "Bulletin Proto 1UITests";
			productName = "Bulletin Proto 1UITests";
			productReference = 9FD66B402A643A5900B7D417 /* Bulletin Proto 1UITests.xctest */;
			productType = "com.apple.product-type.bundle.ui-testing";
		};
/* End PBXNativeTarget section */

/* Begin PBXProject section */
		9FD66B1C2A643A5600B7D417 /* Project object */ = {
			isa = PBXProject;
			attributes = {
				BuildIndependentTargetsInParallel = 1;
				LastSwiftUpdateCheck = 1500;
				LastUpgradeCheck = 1500;
				TargetAttributes = {
					9FD66B232A643A5600B7D417 = {
						CreatedOnToolsVersion = 15.0;
					};
					9FD66B352A643A5900B7D417 = {
						CreatedOnToolsVersion = 15.0;
						TestTargetID = 9FD66B232A643A5600B7D417;
					};
					9FD66B3F2A643A5900B7D417 = {
						CreatedOnToolsVersion = 15.0;
						TestTargetID = 9FD66B232A643A5600B7D417;
					};
				};
			};
			buildConfigurationList = 9FD66B1F2A643A5600B7D417 /* Build configuration list for PBXProject "Bulletin Proto 1" */;
			compatibilityVersion = "Xcode 14.0";
			developmentRegion = en;
			hasScannedForEncodings = 0;
			knownRegions = (
				en,
				Base,
			);
			mainGroup = 9FD66B1B2A643A5600B7D417;
			productRefGroup = 9FD66B252A643A5600B7D417 /* Products */;
			projectDirPath = "";
			projectRoot = "";
			targets = (
				9FD66B232A643A5600B7D417 /* Bulletin Proto 1 */,
				9FD66B352A643A5900B7D417 /* Bulletin Proto 1Tests */,
				9FD66B3F2A643A5900B7D417 /* Bulletin Proto 1UITests */,
			);
		};
/* End PBXProject section */

/* Begin PBXResourcesBuildPhase section */
		9FD66B222A643A5600B7D417 /* Resources */ = {
			isa = PBXResourcesBuildPhase;
			buildActionMask = 2147483647;
			files = (
				9FD66B2F2A643A5900B7D417 /* Preview Assets.xcassets in Resources */,
				9FD66B2C2A643A5900B7D417 /* Assets.xcassets in Resources */,
			);
			runOnlyForDeploymentPostprocessing = 0;
		};
		9FD66B342A643A5900B7D417 /* Resources */ = {
			isa = PBXResourcesBuildPhase;
			buildActionMask = 2147483647;
			files = (
			);
			runOnlyForDeploymentPostprocessing = 0;
		};
		9FD66B3E2A643A5900B7D417 /* Resources */ = {
			isa = PBXResourcesBuildPhase;
			buildActionMask = 2147483647;
			files = (
			);
			runOnlyForDeploymentPostprocessing = 0;
		};
/* End PBXResourcesBuildPhase section */

/* Begin PBXSourcesBuildPhase section */
		9FD66B202A643A5600B7D417 /* Sources */ = {
			isa = PBXSourcesBuildPhase;
			buildActionMask = 2147483647;
			files = (
				9FD66B2A2A643A5600B7D417 /* ContentView.swift in Sources */,
				9FD66B312A643A5900B7D417 /* Item.swift in Sources */,
				9FD66B282A643A5600B7D417 /* Bulletin_Proto_1App.swift in Sources */,
			);
			runOnlyForDeploymentPostprocessing = 0;
		};
		9FD66B322A643A5900B7D417 /* Sources */ = {
			isa = PBXSourcesBuildPhase;
			buildActionMask = 2147483647;
			files = (
				9FD66B3B2A643A5900B7D417 /* Bulletin_Proto_1Tests.swift in Sources */,
			);
			runOnlyForDeploymentPostprocessing = 0;
		};
		9FD66B3C2A643A5900B7D417 /* Sources */ = {
			isa = PBXSourcesBuildPhase;
			buildActionMask = 2147483647;
			files = (
				9FD66B472A643A5900B7D417 /* Bulletin_Proto_1UITestsLaunchTests.swift in Sources */,
				9FD66B452A643A5900B7D417 /* Bulletin_Proto_1UITests.swift in Sources */,
			);
			runOnlyForDeploymentPostprocessing = 0;
		};
/* End PBXSourcesBuildPhase section */

/* Begin PBXTargetDependency section */
		9FD66B382A643A5900B7D417 /* PBXTargetDependency */ = {
			isa = PBXTargetDependency;
			target = 9FD66B232A643A5600B7D417 /* Bulletin Proto 1 */;
			targetProxy = 9FD66B372A643A5900B7D417 /* PBXContainerItemProxy */;
		};
		9FD66B422A643A5900B7D417 /* PBXTargetDependency */ = {
			isa = PBXTargetDependency;
			target = 9FD66B232A643A5600B7D417 /* Bulletin Proto 1 */;
			targetProxy = 9FD66B412A643A5900B7D417 /* PBXContainerItemProxy */;
		};
/* End PBXTargetDependency section */

/* Begin XCBuildConfiguration section */
		9FD66B482A643A5900B7D417 /* Debug */ = {
			isa = XCBuildConfiguration;
			buildSettings = {
				ALWAYS_SEARCH_USER_PATHS = NO;
				ASSETCATALOG_COMPILER_GENERATE_SWIFT_ASSET_SYMBOL_EXTENSIONS = YES;
				CLANG_ANALYZER_NONNULL = YES;
				CLANG_ANALYZER_NUMBER_OBJECT_CONVERSION = YES_AGGRESSIVE;
				CLANG_CXX_LANGUAGE_STANDARD = "gnu++20";
				CLANG_ENABLE_MODULES = YES;
				CLANG_ENABLE_OBJC_ARC = YES;
				CLANG_ENABLE_OBJC_WEAK = YES;
				CLANG_WARN_BLOCK_CAPTURE_AUTORELEASING = YES;
				CLANG_WARN_BOOL_CONVERSION = YES;
				CLANG_WARN_COMMA = YES;
				CLANG_WARN_CONSTANT_CONVERSION = YES;
				CLANG_WARN_DEPRECATED_OBJC_IMPLEMENTATIONS = YES;
				CLANG_WARN_DIRECT_OBJC_ISA_USAGE = YES_ERROR;
				CLANG_WARN_DOCUMENTATION_COMMENTS = YES;
				CLANG_WARN_EMPTY_BODY = YES;
				CLANG_WARN_ENUM_CONVERSION = YES;
				CLANG_WARN_INFINITE_RECURSION = YES;
				CLANG_WARN_INT_CONVERSION = YES;
				CLANG_WARN_NON_LITERAL_NULL_CONVERSION = YES;
				CLANG_WARN_OBJC_IMPLICIT_RETAIN_SELF = YES;
				CLANG_WARN_OBJC_LITERAL_CONVERSION = YES;
				CLANG_WARN_OBJC_ROOT_CLASS = YES_ERROR;
				CLANG_WARN_QUOTED_INCLUDE_IN_FRAMEWORK_HEADER = YES;
				CLANG_WARN_RANGE_LOOP_ANALYSIS = YES;
				CLANG_WARN_STRICT_PROTOTYPES = YES;
				CLANG_WARN_SUSPICIOUS_MOVE = YES;
				CLANG_WARN_UNGUARDED_AVAILABILITY = YES_AGGRESSIVE;
				CLANG_WARN_UNREACHABLE_CODE = YES;
				CLANG_WARN__DUPLICATE_METHOD_MATCH = YES;
				COPY_PHASE_STRIP = NO;
				DEBUG_INFORMATION_FORMAT = dwarf;
				ENABLE_STRICT_OBJC_MSGSEND = YES;
				ENABLE_TESTABILITY = YES;
				ENABLE_USER_SCRIPT_SANDBOXING = YES;
				GCC_C_LANGUAGE_STANDARD = gnu17;
				GCC_DYNAMIC_NO_PIC = NO;
				GCC_NO_COMMON_BLOCKS = YES;
				GCC_OPTIMIZATION_LEVEL = 0;
				GCC_PREPROCESSOR_DEFINITIONS = (
					"DEBUG=1",
					"$(inherited)",
				);
				GCC_WARN_64_TO_32_BIT_CONVERSION = YES;
				GCC_WARN_ABOUT_RETURN_TYPE = YES_ERROR;
				GCC_WARN_UNDECLARED_SELECTOR = YES;
				GCC_WARN_UNINITIALIZED_AUTOS = YES_AGGRESSIVE;
				GCC_WARN_UNUSED_FUNCTION = YES;
				GCC_WARN_UNUSED_VARIABLE = YES;
				IPHONEOS_DEPLOYMENT_TARGET = 17.0;
				LOCALIZATION_PREFERS_STRING_CATALOGS = YES;
				MTL_ENABLE_DEBUG_INFO = INCLUDE_SOURCE;
				MTL_FAST_MATH = YES;
				ONLY_ACTIVE_ARCH = YES;
				SDKROOT = iphoneos;
				SWIFT_ACTIVE_COMPILATION_CONDITIONS = "DEBUG $(inherited)";
				SWIFT_OPTIMIZATION_LEVEL = "-Onone";
			};
			name = Debug;
		};
		9FD66B492A643A5900B7D417 /* Release */ = {
			isa = XCBuildConfiguration;
			buildSettings = {
				ALWAYS_SEARCH_USER_PATHS = NO;
				ASSETCATALOG_COMPILER_GENERATE_SWIFT_ASSET_SYMBOL_EXTENSIONS = YES;
				CLANG_ANALYZER_NONNULL = YES;
				CLANG_ANALYZER_NUMBER_OBJECT_CONVERSION = YES_AGGRESSIVE;
				CLANG_CXX_LANGUAGE_STANDARD = "gnu++20";
				CLANG_ENABLE_MODULES = YES;
				CLANG_ENABLE_OBJC_ARC = YES;
				CLANG_ENABLE_OBJC_WEAK = YES;
				CLANG_WARN_BLOCK_CAPTURE_AUTORELEASING = YES;
				CLANG_WARN_BOOL_CONVERSION = YES;
				CLANG_WARN_COMMA = YES;
				CLANG_WARN_CONSTANT_CONVERSION = YES;
				CLANG_WARN_DEPRECATED_OBJC_IMPLEMENTATIONS = YES;
				CLANG_WARN_DIRECT_OBJC_ISA_USAGE = YES_ERROR;
				CLANG_WARN_DOCUMENTATION_COMMENTS = YES;
				CLANG_WARN_EMPTY_BODY = YES;
				CLANG_WARN_ENUM_CONVERSION = YES;
				CLANG_WARN_INFINITE_RECURSION = YES;
				CLANG_WARN_INT_CONVERSION = YES;
				CLANG_WARN_NON_LITERAL_NULL_CONVERSION = YES;
				CLANG_WARN_OBJC_IMPLICIT_RETAIN_SELF = YES;
				CLANG_WARN_OBJC_LITERAL_CONVERSION = YES;
				CLANG_WARN_OBJC_ROOT_CLASS = YES_ERROR;
				CLANG_WARN_QUOTED_INCLUDE_IN_FRAMEWORK_HEADER = YES;
				CLANG_WARN_RANGE_LOOP_ANALYSIS = YES;
				CLANG_WARN_STRICT_PROTOTYPES = YES;
				CLANG_WARN_SUSPICIOUS_MOVE = YES;
				CLANG_WARN_UNGUARDED_AVAILABILITY = YES_AGGRESSIVE;
				CLANG_WARN_UNREACHABLE_CODE = YES;
				CLANG_WARN__DUPLICATE_METHOD_MATCH = YES;
				COPY_PHASE_STRIP = NO;
				DEBUG_INFORMATION_FORMAT = "dwarf-with-dsym";
				ENABLE_NS_ASSERTIONS = NO;
				ENABLE_STRICT_OBJC_MSGSEND = YES;
				ENABLE_USER_SCRIPT_SANDBOXING = YES;
				GCC_C_LANGUAGE_STANDARD = gnu17;
				GCC_NO_COMMON_BLOCKS = YES;
				GCC_WARN_64_TO_32_BIT_CONVERSION = YES;
				GCC_WARN_ABOUT_RETURN_TYPE = YES_ERROR;
				GCC_WARN_UNDECLARED_SELECTOR = YES;
				GCC_WARN_UNINITIALIZED_AUTOS = YES_AGGRESSIVE;
				GCC_WARN_UNUSED_FUNCTION = YES;
				GCC_WARN_UNUSED_VARIABLE = YES;
				IPHONEOS_DEPLOYMENT_TARGET = 17.0;
				LOCALIZATION_PREFERS_STRING_CATALOGS = YES;
				MTL_ENABLE_DEBUG_INFO = NO;
				MTL_FAST_MATH = YES;
				SDKROOT = iphoneos;
				SWIFT_COMPILATION_MODE = wholemodule;
				VALIDATE_PRODUCT = YES;
			};
			name = Release;
		};
		9FD66B4B2A643A5900B7D417 /* Debug */ = {
			isa = XCBuildConfiguration;
			buildSettings = {
				ASSETCATALOG_COMPILER_APPICON_NAME = AppIcon;
				ASSETCATALOG_COMPILER_GLOBAL_ACCENT_COLOR_NAME = AccentColor;
				CODE_SIGN_STYLE = Automatic;
				CURRENT_PROJECT_VERSION = 1;
				DEVELOPMENT_ASSET_PATHS = "\"Bulletin Proto 1/Preview Content\"";
				DEVELOPMENT_TEAM = CX9J48U7L2;
				ENABLE_PREVIEWS = YES;
				GENERATE_INFOPLIST_FILE = YES;
				INFOPLIST_KEY_UIApplicationSceneManifest_Generation = YES;
				INFOPLIST_KEY_UIApplicationSupportsIndirectInputEvents = YES;
				INFOPLIST_KEY_UILaunchScreen_Generation = YES;
				INFOPLIST_KEY_UISupportedInterfaceOrientations_iPad = "UIInterfaceOrientationPortrait UIInterfaceOrientationPortraitUpsideDown UIInterfaceOrientationLandscapeLeft UIInterfaceOrientationLandscapeRight";
				INFOPLIST_KEY_UISupportedInterfaceOrientations_iPhone = "UIInterfaceOrientationPortrait UIInterfaceOrientationLandscapeLeft UIInterfaceOrientationLandscapeRight";
				LD_RUNPATH_SEARCH_PATHS = (
					"$(inherited)",
					"@executable_path/Frameworks",
				);
				MARKETING_VERSION = 1.0;
				PRODUCT_BUNDLE_IDENTIFIER = "com.rcach.Bulletin-Proto-1";
				PRODUCT_NAME = "$(TARGET_NAME)";
				SWIFT_EMIT_LOC_STRINGS = YES;
				SWIFT_VERSION = 5.0;
				TARGETED_DEVICE_FAMILY = "1,2";
			};
			name = Debug;
		};
		9FD66B4C2A643A5900B7D417 /* Release */ = {
			isa = XCBuildConfiguration;
			buildSettings = {
				ASSETCATALOG_COMPILER_APPICON_NAME = AppIcon;
				ASSETCATALOG_COMPILER_GLOBAL_ACCENT_COLOR_NAME = AccentColor;
				CODE_SIGN_STYLE = Automatic;
				CURRENT_PROJECT_VERSION = 1;
				DEVELOPMENT_ASSET_PATHS = "\"Bulletin Proto 1/Preview Content\"";
				DEVELOPMENT_TEAM = CX9J48U7L2;
				ENABLE_PREVIEWS = YES;
				GENERATE_INFOPLIST_FILE = YES;
				INFOPLIST_KEY_UIApplicationSceneManifest_Generation = YES;
				INFOPLIST_KEY_UIApplicationSupportsIndirectInputEvents = YES;
				INFOPLIST_KEY_UILaunchScreen_Generation = YES;
				INFOPLIST_KEY_UISupportedInterfaceOrientations_iPad = "UIInterfaceOrientationPortrait UIInterfaceOrientationPortraitUpsideDown UIInterfaceOrientationLandscapeLeft UIInterfaceOrientationLandscapeRight";
				INFOPLIST_KEY_UISupportedInterfaceOrientations_iPhone = "UIInterfaceOrientationPortrait UIInterfaceOrientationLandscapeLeft UIInterfaceOrientationLandscapeRight";
				LD_RUNPATH_SEARCH_PATHS = (
					"$(inherited)",
					"@executable_path/Frameworks",
				);
				MARKETING_VERSION = 1.0;
				PRODUCT_BUNDLE_IDENTIFIER = "com.rcach.Bulletin-Proto-1";
				PRODUCT_NAME = "$(TARGET_NAME)";
				SWIFT_EMIT_LOC_STRINGS = YES;
				SWIFT_VERSION = 5.0;
				TARGETED_DEVICE_FAMILY = "1,2";
			};
			name = Release;
		};
		9FD66B4E2A643A5900B7D417 /* Debug */ = {
			isa = XCBuildConfiguration;
			buildSettings = {
				ALWAYS_EMBED_SWIFT_STANDARD_LIBRARIES = YES;
				BUNDLE_LOADER = "$(TEST_HOST)";
				CODE_SIGN_STYLE = Automatic;
				CURRENT_PROJECT_VERSION = 1;
				DEVELOPMENT_TEAM = CX9J48U7L2;
				GENERATE_INFOPLIST_FILE = YES;
				IPHONEOS_DEPLOYMENT_TARGET = 17.0;
				MARKETING_VERSION = 1.0;
				PRODUCT_BUNDLE_IDENTIFIER = "com.rcach.Bulletin-Proto-1Tests";
				PRODUCT_NAME = "$(TARGET_NAME)";
				SWIFT_EMIT_LOC_STRINGS = NO;
				SWIFT_VERSION = 5.0;
				TARGETED_DEVICE_FAMILY = "1,2";
				TEST_HOST = "$(BUILT_PRODUCTS_DIR)/Bulletin Proto 1.app/$(BUNDLE_EXECUTABLE_FOLDER_PATH)/Bulletin Proto 1";
			};
			name = Debug;
		};
		9FD66B4F2A643A5900B7D417 /* Release */ = {
			isa = XCBuildConfiguration;
			buildSettings = {
				ALWAYS_EMBED_SWIFT_STANDARD_LIBRARIES = YES;
				BUNDLE_LOADER = "$(TEST_HOST)";
				CODE_SIGN_STYLE = Automatic;
				CURRENT_PROJECT_VERSION = 1;
				DEVELOPMENT_TEAM = CX9J48U7L2;
				GENERATE_INFOPLIST_FILE = YES;
				IPHONEOS_DEPLOYMENT_TARGET = 17.0;
				MARKETING_VERSION = 1.0;
				PRODUCT_BUNDLE_IDENTIFIER = "com.rcach.Bulletin-Proto-1Tests";
				PRODUCT_NAME = "$(TARGET_NAME)";
				SWIFT_EMIT_LOC_STRINGS = NO;
				SWIFT_VERSION = 5.0;
				TARGETED_DEVICE_FAMILY = "1,2";
				TEST_HOST = "$(BUILT_PRODUCTS_DIR)/Bulletin Proto 1.app/$(BUNDLE_EXECUTABLE_FOLDER_PATH)/Bulletin Proto 1";
			};
			name = Release;
		};
		9FD66B512A643A5900B7D417 /* Debug */ = {
			isa = XCBuildConfiguration;
			buildSettings = {
				ALWAYS_EMBED_SWIFT_STANDARD_LIBRARIES = YES;
				CODE_SIGN_STYLE = Automatic;
				CURRENT_PROJECT_VERSION = 1;
				DEVELOPMENT_TEAM = CX9J48U7L2;
				GENERATE_INFOPLIST_FILE = YES;
				MARKETING_VERSION = 1.0;
				PRODUCT_BUNDLE_IDENTIFIER = "com.rcach.Bulletin-Proto-1UITests";
				PRODUCT_NAME = "$(TARGET_NAME)";
				SWIFT_EMIT_LOC_STRINGS = NO;
				SWIFT_VERSION = 5.0;
				TARGETED_DEVICE_FAMILY = "1,2";
				TEST_TARGET_NAME = "Bulletin Proto 1";
			};
			name = Debug;
		};
		9FD66B522A643A5900B7D417 /* Release */ = {
			isa = XCBuildConfiguration;
			buildSettings = {
				ALWAYS_EMBED_SWIFT_STANDARD_LIBRARIES = YES;
				CODE_SIGN_STYLE = Automatic;
				CURRENT_PROJECT_VERSION = 1;
				DEVELOPMENT_TEAM = CX9J48U7L2;
				GENERATE_INFOPLIST_FILE = YES;
				MARKETING_VERSION = 1.0;
				PRODUCT_BUNDLE_IDENTIFIER = "com.rcach.Bulletin-Proto-1UITests";
				PRODUCT_NAME = "$(TARGET_NAME)";
				SWIFT_EMIT_LOC_STRINGS = NO;
				SWIFT_VERSION = 5.0;
				TARGETED_DEVICE_FAMILY = "1,2";
				TEST_TARGET_NAME = "Bulletin Proto 1";
			};
			name = Release;
		};
/* End XCBuildConfiguration section */

/* Begin XCConfigurationList section */
		9FD66B1F2A643A5600B7D417 /* Build configuration list for PBXProject "Bulletin Proto 1" */ = {
			isa = XCConfigurationList;
			buildConfigurations = (
				9FD66B482A643A5900B7D417 /* Debug */,
				9FD66B492A643A5900B7D417 /* Release */,
			);
			defaultConfigurationIsVisible = 0;
			defaultConfigurationName = Release;
		};
		9FD66B4A2A643A5900B7D417 /* Build configuration list for PBXNativeTarget "Bulletin Proto 1" */ = {
			isa = XCConfigurationList;
			buildConfigurations = (
				9FD66B4B2A643A5900B7D417 /* Debug */,
				9FD66B4C2A643A5900B7D417 /* Release */,
			);
			defaultConfigurationIsVisible = 0;
			defaultConfigurationName = Release;
		};
		9FD66B4D2A643A5900B7D417 /* Build configuration list for PBXNativeTarget "Bulletin Proto 1Tests" */ = {
			isa = XCConfigurationList;
			buildConfigurations = (
				9FD66B4E2A643A5900B7D417 /* Debug */,
				9FD66B4F2A643A5900B7D417 /* Release */,
			);
			defaultConfigurationIsVisible = 0;
			defaultConfigurationName = Release;
		};
		9FD66B502A643A5900B7D417 /* Build configuration list for PBXNativeTarget "Bulletin Proto 1UITests" */ = {
			isa = XCConfigurationList;
			buildConfigurations = (
				9FD66B512A643A5900B7D417 /* Debug */,
				9FD66B522A643A5900B7D417 /* Release */,
			);
			defaultConfigurationIsVisible = 0;
			defaultConfigurationName = Release;
		};
/* End XCConfigurationList section */
	};
	rootObject = 9FD66B1C2A643A5600B7D417 /* Project object */;
}
